
Microsoft Visual Studio Solution File, Format Version 12.00
# Visual Studio Version 17
VisualStudioVersion = 17.13.36105.23 d17.13
MinimumVisualStudioVersion = 10.0.40219.1
Project("{FAE04EC0-301F-11D3-BF4B-00C04F79EFBC}") = "PD-Store", "PD-Store.csproj", "{4F63190F-A653-4AB9-AA51-F7C61C850C8F}"
EndProject
Global
	GlobalSection(SolutionConfigurationPlatforms) = preSolution
		Debug|Any CPU = Debug|Any CPU
		Release|Any CPU = Release|Any CPU
	EndGlobalSection
	GlobalSection(ProjectConfigurationPlatforms) = postSolution
		{4F63190F-A653-4AB9-AA51-F7C61C850C8F}.Debug|Any CPU.ActiveCfg = Debug|Any CPU
		{4F63190F-A653-4AB9-AA51-F7C61C850C8F}.Debug|Any CPU.Build.0 = Debug|Any CPU
		{4F63190F-A653-4AB9-AA51-F7C61C850C8F}.Release|Any CPU.ActiveCfg = Release|Any CPU
		{4F63190F-A653-4AB9-AA51-F7C61C850C8F}.Release|Any CPU.Build.0 = Release|Any CPU
	EndGlobalSection
	GlobalSection(SolutionProperties) = preSolution
		HideSolutionNode = FALSE
	EndGlobalSection
	GlobalSection(ExtensibilityGlobals) = postSolution
		SolutionGuid = {CABA9E3B-3361-4FEB-B84F-EBD4B13D8A29}
	EndGlobalSection
EndGlobal
